
Microsoft Visual Studio Solution File, Format Version 12.00
# Visual Studio Version 17
VisualStudioVersion = 17.7.33808.371
MinimumVisualStudioVersion = 10.0.40219.1
Project("{FAE04EC0-301F-11D3-BF4B-00C04F79EFBC}") = "MikeBike.Server", "MikeBike\Server\MikeBike.Server.csproj", "{1C3A9D07-A814-4CF6-B840-5321DDA4F3E5}"
EndProject
Project("{FAE04EC0-301F-11D3-BF4B-00C04F79EFBC}") = "MikeBike.Client", "MikeBike\Client\MikeBike.Client.csproj", "{F2F230A1-F9D1-4AAC-9F47-E6BF0AF3EB60}"
EndProject
Project("{FAE04EC0-301F-11D3-BF4B-00C04F79EFBC}") = "MikeBike.Shared", "MikeBike\Shared\MikeBike.Shared.csproj", "{6B2FA6BC-5DDC-477B-AF1D-8433D943441F}"
EndProject
Global
	GlobalSection(SolutionConfigurationPlatforms) = preSolution
		Debug|Any CPU = Debug|Any CPU
		Release|Any CPU = Release|Any CPU
	EndGlobalSection
	GlobalSection(ProjectConfigurationPlatforms) = postSolution
		{1C3A9D07-A814-4CF6-B840-5321DDA4F3E5}.Debug|Any CPU.ActiveCfg = Debug|Any CPU
		{1C3A9D07-A814-4CF6-B840-5321DDA4F3E5}.Debug|Any CPU.Build.0 = Debug|Any CPU
		{1C3A9D07-A814-4CF6-B840-5321DDA4F3E5}.Release|Any CPU.ActiveCfg = Release|Any CPU
		{1C3A9D07-A814-4CF6-B840-5321DDA4F3E5}.Release|Any CPU.Build.0 = Release|Any CPU
		{F2F230A1-F9D1-4AAC-9F47-E6BF0AF3EB60}.Debug|Any CPU.ActiveCfg = Debug|Any CPU
		{F2F230A1-F9D1-4AAC-9F47-E6BF0AF3EB60}.Debug|Any CPU.Build.0 = Debug|Any CPU
		{F2F230A1-F9D1-4AAC-9F47-E6BF0AF3EB60}.Release|Any CPU.ActiveCfg = Release|Any CPU
		{F2F230A1-F9D1-4AAC-9F47-E6BF0AF3EB60}.Release|Any CPU.Build.0 = Release|Any CPU
		{6B2FA6BC-5DDC-477B-AF1D-8433D943441F}.Debug|Any CPU.ActiveCfg = Debug|Any CPU
		{6B2FA6BC-5DDC-477B-AF1D-8433D943441F}.Debug|Any CPU.Build.0 = Debug|Any CPU
		{6B2FA6BC-5DDC-477B-AF1D-8433D943441F}.Release|Any CPU.ActiveCfg = Release|Any CPU
		{6B2FA6BC-5DDC-477B-AF1D-8433D943441F}.Release|Any CPU.Build.0 = Release|Any CPU
	EndGlobalSection
	GlobalSection(SolutionProperties) = preSolution
		HideSolutionNode = FALSE
	EndGlobalSection
	GlobalSection(ExtensibilityGlobals) = postSolution
		SolutionGuid = {34276163-8E47-4743-9D8F-7B689BCC79BC}
	EndGlobalSection
EndGlobal
